
Microsoft Visual Studio Solution File, Format Version 12.00
# Visual Studio Version 16
VisualStudioVersion = 16.0.30114.105
MinimumVisualStudioVersion = 10.0.40219.1
Project("{2150E333-8FDC-42A3-9474-1A3956D46DE8}") = "src", "src", "{377B0A2E-F832-46DF-87DA-C80C2BD88D38}"
EndProject
Project("{FAE04EC0-301F-11D3-BF4B-00C04F79EFBC}") = "ApiTemplate.Customers.Api", "src\ApiTemplate.Customers.Api\ApiTemplate.Customers.Api.csproj", "{21867DA8-4C05-4454-8D18-E2D4CE3171D8}"
EndProject
Project("{2150E333-8FDC-42A3-9474-1A3956D46DE8}") = "tests", "tests", "{FB3819CF-916C-4D91-9EE5-F162372F14AE}"
EndProject
Project("{FAE04EC0-301F-11D3-BF4B-00C04F79EFBC}") = "ApiTemplate.Customers.UnitTests", "tests\ApiTemplate.Customers.UnitTests\ApiTemplate.Customers.UnitTests.csproj", "{C3BE2119-ADAA-4E37-8814-14BC02E0D7F6}"
EndProject
Global
	GlobalSection(SolutionConfigurationPlatforms) = preSolution
		Debug|Any CPU = Debug|Any CPU
		Release|Any CPU = Release|Any CPU
	EndGlobalSection
	GlobalSection(SolutionProperties) = preSolution
		HideSolutionNode = FALSE
	EndGlobalSection
	GlobalSection(ProjectConfigurationPlatforms) = postSolution
		{21867DA8-4C05-4454-8D18-E2D4CE3171D8}.Debug|Any CPU.ActiveCfg = Debug|Any CPU
		{21867DA8-4C05-4454-8D18-E2D4CE3171D8}.Debug|Any CPU.Build.0 = Debug|Any CPU
		{21867DA8-4C05-4454-8D18-E2D4CE3171D8}.Release|Any CPU.ActiveCfg = Release|Any CPU
		{21867DA8-4C05-4454-8D18-E2D4CE3171D8}.Release|Any CPU.Build.0 = Release|Any CPU
		{C3BE2119-ADAA-4E37-8814-14BC02E0D7F6}.Debug|Any CPU.ActiveCfg = Debug|Any CPU
		{C3BE2119-ADAA-4E37-8814-14BC02E0D7F6}.Debug|Any CPU.Build.0 = Debug|Any CPU
		{C3BE2119-ADAA-4E37-8814-14BC02E0D7F6}.Release|Any CPU.ActiveCfg = Release|Any CPU
		{C3BE2119-ADAA-4E37-8814-14BC02E0D7F6}.Release|Any CPU.Build.0 = Release|Any CPU
	EndGlobalSection
	GlobalSection(NestedProjects) = preSolution
		{21867DA8-4C05-4454-8D18-E2D4CE3171D8} = {377B0A2E-F832-46DF-87DA-C80C2BD88D38}
		{C3BE2119-ADAA-4E37-8814-14BC02E0D7F6} = {FB3819CF-916C-4D91-9EE5-F162372F14AE}
	EndGlobalSection
EndGlobal
